
Microsoft Visual Studio Solution File, Format Version 12.00
# Visual Studio Version 16
VisualStudioVersion = 25.0.1705.6
MinimumVisualStudioVersion = 10.0.40219.1
Project("{FAE04EC0-301F-11D3-BF4B-00C04F79EFBC}") = "unit", "unit\unit.csproj", "{468D9427-EB48-475B-86E5-B665CF495A7C}"
EndProject
Project("{FAE04EC0-301F-11D3-BF4B-00C04F79EFBC}") = "test", "test\test.csproj", "{C5746841-E22D-496E-AD14-9B733C7884CB}"
EndProject
Global
	GlobalSection(SolutionConfigurationPlatforms) = preSolution
		Debug|Any CPU = Debug|Any CPU
		Release|Any CPU = Release|Any CPU
	EndGlobalSection
	GlobalSection(ProjectConfigurationPlatforms) = postSolution
		{468D9427-EB48-475B-86E5-B665CF495A7C}.Debug|Any CPU.ActiveCfg = Debug|Any CPU
		{468D9427-EB48-475B-86E5-B665CF495A7C}.Debug|Any CPU.Build.0 = Debug|Any CPU
		{468D9427-EB48-475B-86E5-B665CF495A7C}.Release|Any CPU.ActiveCfg = Release|Any CPU
		{468D9427-EB48-475B-86E5-B665CF495A7C}.Release|Any CPU.Build.0 = Release|Any CPU
		{C5746841-E22D-496E-AD14-9B733C7884CB}.Debug|Any CPU.ActiveCfg = Debug|Any CPU
		{C5746841-E22D-496E-AD14-9B733C7884CB}.Debug|Any CPU.Build.0 = Debug|Any CPU
		{C5746841-E22D-496E-AD14-9B733C7884CB}.Release|Any CPU.ActiveCfg = Release|Any CPU
		{C5746841-E22D-496E-AD14-9B733C7884CB}.Release|Any CPU.Build.0 = Release|Any CPU
	EndGlobalSection
	GlobalSection(SolutionProperties) = preSolution
		HideSolutionNode = FALSE
	EndGlobalSection
	GlobalSection(ExtensibilityGlobals) = postSolution
		SolutionGuid = {86EAFCDB-BC91-4246-90B2-C2A26D260039}
	EndGlobalSection
EndGlobal
